
Microsoft Visual Studio Solution File, Format Version 12.00
# Visual Studio 15
VisualStudioVersion = 15.0.28010.2036
MinimumVisualStudioVersion = 10.0.40219.1
Project("{FAE04EC0-301F-11D3-BF4B-00C04F79EFBC}") = "Simplified21TristanK3", "Simplified21TristanK3\Simplified21TristanK3.csproj", "{B61AE912-AB24-461A-9A0F-F354602B9E5F}"
EndProject
Global
	GlobalSection(SolutionConfigurationPlatforms) = preSolution
		Debug|Any CPU = Debug|Any CPU
		Release|Any CPU = Release|Any CPU
	EndGlobalSection
	GlobalSection(ProjectConfigurationPlatforms) = postSolution
		{B61AE912-AB24-461A-9A0F-F354602B9E5F}.Debug|Any CPU.ActiveCfg = Debug|Any CPU
		{B61AE912-AB24-461A-9A0F-F354602B9E5F}.Debug|Any CPU.Build.0 = Debug|Any CPU
		{B61AE912-AB24-461A-9A0F-F354602B9E5F}.Release|Any CPU.ActiveCfg = Release|Any CPU
		{B61AE912-AB24-461A-9A0F-F354602B9E5F}.Release|Any CPU.Build.0 = Release|Any CPU
	EndGlobalSection
	GlobalSection(SolutionProperties) = preSolution
		HideSolutionNode = FALSE
	EndGlobalSection
	GlobalSection(ExtensibilityGlobals) = postSolution
		SolutionGuid = {91E0CF6C-E3FA-4D1F-A9BF-F5CA510761B9}
	EndGlobalSection
EndGlobal
